// !$*UTF8*$!
{
	archiveVersion = 1;
	classes = {
	};
	objectVersion = 52;
	objects = {

/* Begin PBXBuildFile section */
		7A04932E2462D011002478F2 /* ForecastViewModel.swift in Sources */ = {isa = PBXBuildFile; fileRef = 7A04932D2462D011002478F2 /* ForecastViewModel.swift */; };
		7A0493302462D052002478F2 /* Services.swift in Sources */ = {isa = PBXBuildFile; fileRef = 7A04932F2462D052002478F2 /* Services.swift */; };
		7A0493322462D53B002478F2 /* TopView.swift in Sources */ = {isa = PBXBuildFile; fileRef = 7A0493312462D53B002478F2 /* TopView.swift */; };
		7A0759B02462E4180018FD98 /* MidView.swift in Sources */ = {isa = PBXBuildFile; fileRef = 7A0759AF2462E4180018FD98 /* MidView.swift */; };
		7A0759B32462E7C60018FD98 /* Helper.swift in Sources */ = {isa = PBXBuildFile; fileRef = 7A0759B22462E7C60018FD98 /* Helper.swift */; };
		7A0759BC24631C580018FD98 /* BottomView.swift in Sources */ = {isa = PBXBuildFile; fileRef = 7A0759BB24631C580018FD98 /* BottomView.swift */; };
		7A0759BE24631D590018FD98 /* ForecastCell.swift in Sources */ = {isa = PBXBuildFile; fileRef = 7A0759BD24631D590018FD98 /* ForecastCell.swift */; };
		7A0759C024636DAA0018FD98 /* LocationViewModel.swift in Sources */ = {isa = PBXBuildFile; fileRef = 7A0759BF24636DAA0018FD98 /* LocationViewModel.swift */; };
		7A9DF30D24621B4200958465 /* UrlImageView.swift in Sources */ = {isa = PBXBuildFile; fileRef = 7A9DF30C24621B4200958465 /* UrlImageView.swift */; };
		7A9DF31024621F6A00958465 /* MainForecast.swift in Sources */ = {isa = PBXBuildFile; fileRef = 7A9DF30F24621F6A00958465 /* MainForecast.swift */; };
		7AC98A64246C58CD00E46A38 /* CityMapView.swift in Sources */ = {isa = PBXBuildFile; fileRef = 7AC98A63246C58CD00E46A38 /* CityMapView.swift */; };
		7AC98A66246C6E0A00E46A38 /* BottomSheetModel.swift in Sources */ = {isa = PBXBuildFile; fileRef = 7AC98A65246C6E0A00E46A38 /* BottomSheetModel.swift */; };
		7AC98A6D246CB1E500E46A38 /* Alamofire in Frameworks */ = {isa = PBXBuildFile; productRef = 7AC98A6C246CB1E500E46A38 /* Alamofire */; };
		7AC98A6F246CB2BC00E46A38 /* NoInternetView.swift in Sources */ = {isa = PBXBuildFile; fileRef = 7AC98A6E246CB2BC00E46A38 /* NoInternetView.swift */; };
		7AF7098D2461F75900C72847 /* AppDelegate.swift in Sources */ = {isa = PBXBuildFile; fileRef = 7AF7098C2461F75900C72847 /* AppDelegate.swift */; };
		7AF7098F2461F75900C72847 /* SceneDelegate.swift in Sources */ = {isa = PBXBuildFile; fileRef = 7AF7098E2461F75900C72847 /* SceneDelegate.swift */; };
		7AF709912461F75900C72847 /* ContentView.swift in Sources */ = {isa = PBXBuildFile; fileRef = 7AF709902461F75900C72847 /* ContentView.swift */; };
		7AF709932461F76000C72847 /* Assets.xcassets in Resources */ = {isa = PBXBuildFile; fileRef = 7AF709922461F76000C72847 /* Assets.xcassets */; };
		7AF709962461F76000C72847 /* Preview Assets.xcassets in Resources */ = {isa = PBXBuildFile; fileRef = 7AF709952461F76000C72847 /* Preview Assets.xcassets */; };
		7AF709992461F76000C72847 /* LaunchScreen.storyboard in Resources */ = {isa = PBXBuildFile; fileRef = 7AF709972461F76000C72847 /* LaunchScreen.storyboard */; };
		7AF709A12461FA0900C72847 /* BackSplash.swift in Sources */ = {isa = PBXBuildFile; fileRef = 7AF709A02461FA0900C72847 /* BackSplash.swift */; };
		7AF709A32462150600C72847 /* UrlImageModel.swift in Sources */ = {isa = PBXBuildFile; fileRef = 7AF709A22462150600C72847 /* UrlImageModel.swift */; };
/* End PBXBuildFile section */

/* Begin PBXCopyFilesBuildPhase section */
		7AEC9A18246DC68A00C4FB9B /* Embed App Extensions */ = {
			isa = PBXCopyFilesBuildPhase;
			buildActionMask = 2147483647;
			dstPath = "";
			dstSubfolderSpec = 13;
			files = (
			);
			name = "Embed App Extensions";
			runOnlyForDeploymentPostprocessing = 0;
		};
/* End PBXCopyFilesBuildPhase section */

/* Begin PBXFileReference section */
		7A04932D2462D011002478F2 /* ForecastViewModel.swift */ = {isa = PBXFileReference; fileEncoding = 4; lastKnownFileType = sourcecode.swift; path = ForecastViewModel.swift; sourceTree = "<group>"; };
		7A04932F2462D052002478F2 /* Services.swift */ = {isa = PBXFileReference; lastKnownFileType = sourcecode.swift; path = Services.swift; sourceTree = "<group>"; };
		7A0493312462D53B002478F2 /* TopView.swift */ = {isa = PBXFileReference; lastKnownFileType = sourcecode.swift; path = TopView.swift; sourceTree = "<group>"; };
		7A0759AF2462E4180018FD98 /* MidView.swift */ = {isa = PBXFileReference; lastKnownFileType = sourcecode.swift; path = MidView.swift; sourceTree = "<group>"; };
		7A0759B22462E7C60018FD98 /* Helper.swift */ = {isa = PBXFileReference; lastKnownFileType = sourcecode.swift; path = Helper.swift; sourceTree = "<group>"; };
		7A0759BB24631C580018FD98 /* BottomView.swift */ = {isa = PBXFileReference; lastKnownFileType = sourcecode.swift; path = BottomView.swift; sourceTree = "<group>"; };
		7A0759BD24631D590018FD98 /* ForecastCell.swift */ = {isa = PBXFileReference; lastKnownFileType = sourcecode.swift; path = ForecastCell.swift; sourceTree = "<group>"; };
		7A0759BF24636DAA0018FD98 /* LocationViewModel.swift */ = {isa = PBXFileReference; lastKnownFileType = sourcecode.swift; path = LocationViewModel.swift; sourceTree = "<group>"; };
		7A9DF30C24621B4200958465 /* UrlImageView.swift */ = {isa = PBXFileReference; lastKnownFileType = sourcecode.swift; path = UrlImageView.swift; sourceTree = "<group>"; };
		7A9DF30F24621F6A00958465 /* MainForecast.swift */ = {isa = PBXFileReference; lastKnownFileType = sourcecode.swift; path = MainForecast.swift; sourceTree = "<group>"; };
		7AC98A63246C58CD00E46A38 /* CityMapView.swift */ = {isa = PBXFileReference; lastKnownFileType = sourcecode.swift; path = CityMapView.swift; sourceTree = "<group>"; };
		7AC98A65246C6E0A00E46A38 /* BottomSheetModel.swift */ = {isa = PBXFileReference; lastKnownFileType = sourcecode.swift; path = BottomSheetModel.swift; sourceTree = "<group>"; };
		7AC98A6E246CB2BC00E46A38 /* NoInternetView.swift */ = {isa = PBXFileReference; lastKnownFileType = sourcecode.swift; path = NoInternetView.swift; sourceTree = "<group>"; };
		7AEC9A09246DC68A00C4FB9B /* NotificationCenter.framework */ = {isa = PBXFileReference; lastKnownFileType = wrapper.framework; name = NotificationCenter.framework; path = System/Library/Frameworks/NotificationCenter.framework; sourceTree = SDKROOT; };
		7AF709892461F75900C72847 /* WeatherApp.app */ = {isa = PBXFileReference; explicitFileType = wrapper.application; includeInIndex = 0; path = WeatherApp.app; sourceTree = BUILT_PRODUCTS_DIR; };
		7AF7098C2461F75900C72847 /* AppDelegate.swift */ = {isa = PBXFileReference; lastKnownFileType = sourcecode.swift; path = AppDelegate.swift; sourceTree = "<group>"; };
		7AF7098E2461F75900C72847 /* SceneDelegate.swift */ = {isa = PBXFileReference; lastKnownFileType = sourcecode.swift; path = SceneDelegate.swift; sourceTree = "<group>"; };
		7AF709902461F75900C72847 /* ContentView.swift */ = {isa = PBXFileReference; lastKnownFileType = sourcecode.swift; path = ContentView.swift; sourceTree = "<group>"; };
		7AF709922461F76000C72847 /* Assets.xcassets */ = {isa = PBXFileReference; lastKnownFileType = folder.assetcatalog; path = Assets.xcassets; sourceTree = "<group>"; };
		7AF709952461F76000C72847 /* Preview Assets.xcassets */ = {isa = PBXFileReference; lastKnownFileType = folder.assetcatalog; path = "Preview Assets.xcassets"; sourceTree = "<group>"; };
		7AF709982461F76000C72847 /* Base */ = {isa = PBXFileReference; lastKnownFileType = file.storyboard; name = Base; path = Base.lproj/LaunchScreen.storyboard; sourceTree = "<group>"; };
		7AF7099A2461F76000C72847 /* Info.plist */ = {isa = PBXFileReference; lastKnownFileType = text.plist.xml; path = Info.plist; sourceTree = "<group>"; };
		7AF709A02461FA0900C72847 /* BackSplash.swift */ = {isa = PBXFileReference; lastKnownFileType = sourcecode.swift; path = BackSplash.swift; sourceTree = "<group>"; };
		7AF709A22462150600C72847 /* UrlImageModel.swift */ = {isa = PBXFileReference; lastKnownFileType = sourcecode.swift; path = UrlImageModel.swift; sourceTree = "<group>"; xcLanguageSpecificationIdentifier = xcode.lang.swift; };
/* End PBXFileReference section */

/* Begin PBXFrameworksBuildPhase section */
		7AF709862461F75900C72847 /* Frameworks */ = {
			isa = PBXFrameworksBuildPhase;
			buildActionMask = 2147483647;
			files = (
				7AC98A6D246CB1E500E46A38 /* Alamofire in Frameworks */,
			);
			runOnlyForDeploymentPostprocessing = 0;
		};
/* End PBXFrameworksBuildPhase section */

/* Begin PBXGroup section */
		7A0759B12462E7BA0018FD98 /* Helper */ = {
			isa = PBXGroup;
			children = (
				7A0759B22462E7C60018FD98 /* Helper.swift */,
			);
			path = Helper;
			sourceTree = "<group>";
		};
		7A9DF30E24621F5D00958465 /* Data */ = {
			isa = PBXGroup;
			children = (
				7A9DF30F24621F6A00958465 /* MainForecast.swift */,
				7A04932F2462D052002478F2 /* Services.swift */,
			);
			path = Data;
			sourceTree = "<group>";
		};
		7A9DF3132462230C00958465 /* Views */ = {
			isa = PBXGroup;
			children = (
				7A9DF30C24621B4200958465 /* UrlImageView.swift */,
				7A0493312462D53B002478F2 /* TopView.swift */,
				7A0759AF2462E4180018FD98 /* MidView.swift */,
				7A0759BB24631C580018FD98 /* BottomView.swift */,
				7A0759BD24631D590018FD98 /* ForecastCell.swift */,
				7AC98A63246C58CD00E46A38 /* CityMapView.swift */,
				7AC98A6E246CB2BC00E46A38 /* NoInternetView.swift */,
			);
			path = Views;
			sourceTree = "<group>";
		};
		7AEC9A08246DC68A00C4FB9B /* Frameworks */ = {
			isa = PBXGroup;
			children = (
				7AEC9A09246DC68A00C4FB9B /* NotificationCenter.framework */,
			);
			name = Frameworks;
			sourceTree = "<group>";
		};
		7AF709802461F75800C72847 = {
			isa = PBXGroup;
			children = (
				7AF7098B2461F75900C72847 /* WeatherApp */,
				7AEC9A08246DC68A00C4FB9B /* Frameworks */,
				7AF7098A2461F75900C72847 /* Products */,
			);
			sourceTree = "<group>";
		};
		7AF7098A2461F75900C72847 /* Products */ = {
			isa = PBXGroup;
			children = (
				7AF709892461F75900C72847 /* WeatherApp.app */,
			);
			name = Products;
			sourceTree = "<group>";
		};
		7AF7098B2461F75900C72847 /* WeatherApp */ = {
			isa = PBXGroup;
			children = (
				7A0759B12462E7BA0018FD98 /* Helper */,
				7A9DF3132462230C00958465 /* Views */,
				7A9DF30E24621F5D00958465 /* Data */,
				7AF709A42462150900C72847 /* Models */,
				7AF7098C2461F75900C72847 /* AppDelegate.swift */,
				7AF7098E2461F75900C72847 /* SceneDelegate.swift */,
				7AF709902461F75900C72847 /* ContentView.swift */,
				7AF709A02461FA0900C72847 /* BackSplash.swift */,
				7AF709922461F76000C72847 /* Assets.xcassets */,
				7AF709972461F76000C72847 /* LaunchScreen.storyboard */,
				7AF7099A2461F76000C72847 /* Info.plist */,
				7AF709942461F76000C72847 /* Preview Content */,
			);
			path = WeatherApp;
			sourceTree = "<group>";
		};
		7AF709942461F76000C72847 /* Preview Content */ = {
			isa = PBXGroup;
			children = (
				7AF709952461F76000C72847 /* Preview Assets.xcassets */,
			);
			path = "Preview Content";
			sourceTree = "<group>";
		};
		7AF709A42462150900C72847 /* Models */ = {
			isa = PBXGroup;
			children = (
				7A0759BF24636DAA0018FD98 /* LocationViewModel.swift */,
				7A04932D2462D011002478F2 /* ForecastViewModel.swift */,
				7AF709A22462150600C72847 /* UrlImageModel.swift */,
				7AC98A65246C6E0A00E46A38 /* BottomSheetModel.swift */,
			);
			path = Models;
			sourceTree = "<group>";
		};
/* End PBXGroup section */

/* Begin PBXNativeTarget section */
		7AF709882461F75900C72847 /* WeatherApp */ = {
			isa = PBXNativeTarget;
			buildConfigurationList = 7AF7099D2461F76000C72847 /* Build configuration list for PBXNativeTarget "WeatherApp" */;
			buildPhases = (
				7AF709852461F75900C72847 /* Sources */,
				7AF709862461F75900C72847 /* Frameworks */,
				7AF709872461F75900C72847 /* Resources */,
				7AEC9A18246DC68A00C4FB9B /* Embed App Extensions */,
			);
			buildRules = (
			);
			dependencies = (
			);
			name = WeatherApp;
			packageProductDependencies = (
				7AC98A6C246CB1E500E46A38 /* Alamofire */,
			);
			productName = WeatherApp;
			productReference = 7AF709892461F75900C72847 /* WeatherApp.app */;
			productType = "com.apple.product-type.application";
		};
/* End PBXNativeTarget section */

/* Begin PBXProject section */
		7AF709812461F75900C72847 /* Project object */ = {
			isa = PBXProject;
			attributes = {
				LastSwiftUpdateCheck = 1140;
				LastUpgradeCheck = 1140;
				ORGANIZATIONNAME = "Jordan Baumard";
				TargetAttributes = {
					7AF709882461F75900C72847 = {
						CreatedOnToolsVersion = 11.4.1;
					};
				};
			};
			buildConfigurationList = 7AF709842461F75900C72847 /* Build configuration list for PBXProject "WeatherApp" */;
			compatibilityVersion = "Xcode 9.3";
			developmentRegion = en;
			hasScannedForEncodings = 0;
			knownRegions = (
				en,
				Base,
			);
			mainGroup = 7AF709802461F75800C72847;
			packageReferences = (
				7AC98A6B246CB1E500E46A38 /* XCRemoteSwiftPackageReference "Alamofire" */,
			);
			productRefGroup = 7AF7098A2461F75900C72847 /* Products */;
			projectDirPath = "";
			projectRoot = "";
			targets = (
				7AF709882461F75900C72847 /* WeatherApp */,
			);
		};
/* End PBXProject section */

/* Begin PBXResourcesBuildPhase section */
		7AF709872461F75900C72847 /* Resources */ = {
			isa = PBXResourcesBuildPhase;
			buildActionMask = 2147483647;
			files = (
				7AF709992461F76000C72847 /* LaunchScreen.storyboard in Resources */,
				7AF709962461F76000C72847 /* Preview Assets.xcassets in Resources */,
				7AF709932461F76000C72847 /* Assets.xcassets in Resources */,
			);
			runOnlyForDeploymentPostprocessing = 0;
		};
/* End PBXResourcesBuildPhase section */

/* Begin PBXSourcesBuildPhase section */
		7AF709852461F75900C72847 /* Sources */ = {
			isa = PBXSourcesBuildPhase;
			buildActionMask = 2147483647;
			files = (
				7AF709A32462150600C72847 /* UrlImageModel.swift in Sources */,
				7AF7098D2461F75900C72847 /* AppDelegate.swift in Sources */,
				7A0759C024636DAA0018FD98 /* LocationViewModel.swift in Sources */,
				7A9DF30D24621B4200958465 /* UrlImageView.swift in Sources */,
				7AF7098F2461F75900C72847 /* SceneDelegate.swift in Sources */,
				7A0759BE24631D590018FD98 /* ForecastCell.swift in Sources */,
				7AF709912461F75900C72847 /* ContentView.swift in Sources */,
				7A0759BC24631C580018FD98 /* BottomView.swift in Sources */,
				7AC98A6F246CB2BC00E46A38 /* NoInternetView.swift in Sources */,
				7A0759B02462E4180018FD98 /* MidView.swift in Sources */,
				7A04932E2462D011002478F2 /* ForecastViewModel.swift in Sources */,
				7AC98A66246C6E0A00E46A38 /* BottomSheetModel.swift in Sources */,
				7A0493322462D53B002478F2 /* TopView.swift in Sources */,
				7A9DF31024621F6A00958465 /* MainForecast.swift in Sources */,
				7A0493302462D052002478F2 /* Services.swift in Sources */,
				7AF709A12461FA0900C72847 /* BackSplash.swift in Sources */,
				7AC98A64246C58CD00E46A38 /* CityMapView.swift in Sources */,
				7A0759B32462E7C60018FD98 /* Helper.swift in Sources */,
			);
			runOnlyForDeploymentPostprocessing = 0;
		};
/* End PBXSourcesBuildPhase section */

/* Begin PBXVariantGroup section */
		7AF709972461F76000C72847 /* LaunchScreen.storyboard */ = {
			isa = PBXVariantGroup;
			children = (
				7AF709982461F76000C72847 /* Base */,
			);
			name = LaunchScreen.storyboard;
			sourceTree = "<group>";
		};
/* End PBXVariantGroup section */

/* Begin XCBuildConfiguration section */
		7AF7099B2461F76000C72847 /* Debug */ = {
			isa = XCBuildConfiguration;
			buildSettings = {
				ALWAYS_SEARCH_USER_PATHS = NO;
				CLANG_ANALYZER_NONNULL = YES;
				CLANG_ANALYZER_NUMBER_OBJECT_CONVERSION = YES_AGGRESSIVE;
				CLANG_CXX_LANGUAGE_STANDARD = "gnu++14";
				CLANG_CXX_LIBRARY = "libc++";
				CLANG_ENABLE_MODULES = YES;
				CLANG_ENABLE_OBJC_ARC = YES;
				CLANG_ENABLE_OBJC_WEAK = YES;
				CLANG_WARN_BLOCK_CAPTURE_AUTORELEASING = YES;
				CLANG_WARN_BOOL_CONVERSION = YES;
				CLANG_WARN_COMMA = YES;
				CLANG_WARN_CONSTANT_CONVERSION = YES;
				CLANG_WARN_DEPRECATED_OBJC_IMPLEMENTATIONS = YES;
				CLANG_WARN_DIRECT_OBJC_ISA_USAGE = YES_ERROR;
				CLANG_WARN_DOCUMENTATION_COMMENTS = YES;
				CLANG_WARN_EMPTY_BODY = YES;
				CLANG_WARN_ENUM_CONVERSION = YES;
				CLANG_WARN_INFINITE_RECURSION = YES;
				CLANG_WARN_INT_CONVERSION = YES;
				CLANG_WARN_NON_LITERAL_NULL_CONVERSION = YES;
				CLANG_WARN_OBJC_IMPLICIT_RETAIN_SELF = YES;
				CLANG_WARN_OBJC_LITERAL_CONVERSION = YES;
				CLANG_WARN_OBJC_ROOT_CLASS = YES_ERROR;
				CLANG_WARN_RANGE_LOOP_ANALYSIS = YES;
				CLANG_WARN_STRICT_PROTOTYPES = YES;
				CLANG_WARN_SUSPICIOUS_MOVE = YES;
				CLANG_WARN_UNGUARDED_AVAILABILITY = YES_AGGRESSIVE;
				CLANG_WARN_UNREACHABLE_CODE = YES;
				CLANG_WARN__DUPLICATE_METHOD_MATCH = YES;
				COPY_PHASE_STRIP = NO;
				DEBUG_INFORMATION_FORMAT = dwarf;
				ENABLE_STRICT_OBJC_MSGSEND = YES;
				ENABLE_TESTABILITY = YES;
				GCC_C_LANGUAGE_STANDARD = gnu11;
				GCC_DYNAMIC_NO_PIC = NO;
				GCC_NO_COMMON_BLOCKS = YES;
				GCC_OPTIMIZATION_LEVEL = 0;
				GCC_PREPROCESSOR_DEFINITIONS = (
					"DEBUG=1",
					"$(inherited)",
				);
				GCC_WARN_64_TO_32_BIT_CONVERSION = YES;
				GCC_WARN_ABOUT_RETURN_TYPE = YES_ERROR;
				GCC_WARN_UNDECLARED_SELECTOR = YES;
				GCC_WARN_UNINITIALIZED_AUTOS = YES_AGGRESSIVE;
				GCC_WARN_UNUSED_FUNCTION = YES;
				GCC_WARN_UNUSED_VARIABLE = YES;
				IPHONEOS_DEPLOYMENT_TARGET = 13.4;
				MTL_ENABLE_DEBUG_INFO = INCLUDE_SOURCE;
				MTL_FAST_MATH = YES;
				ONLY_ACTIVE_ARCH = YES;
				SDKROOT = iphoneos;
				SWIFT_ACTIVE_COMPILATION_CONDITIONS = DEBUG;
				SWIFT_OPTIMIZATION_LEVEL = "-Onone";
			};
			name = Debug;
		};
		7AF7099C2461F76000C72847 /* Release */ = {
			isa = XCBuildConfiguration;
			buildSettings = {
				ALWAYS_SEARCH_USER_PATHS = NO;
				CLANG_ANALYZER_NONNULL = YES;
				CLANG_ANALYZER_NUMBER_OBJECT_CONVERSION = YES_AGGRESSIVE;
				CLANG_CXX_LANGUAGE_STANDARD = "gnu++14";
				CLANG_CXX_LIBRARY = "libc++";
				CLANG_ENABLE_MODULES = YES;
				CLANG_ENABLE_OBJC_ARC = YES;
				CLANG_ENABLE_OBJC_WEAK = YES;
				CLANG_WARN_BLOCK_CAPTURE_AUTORELEASING = YES;
				CLANG_WARN_BOOL_CONVERSION = YES;
				CLANG_WARN_COMMA = YES;
				CLANG_WARN_CONSTANT_CONVERSION = YES;
				CLANG_WARN_DEPRECATED_OBJC_IMPLEMENTATIONS = YES;
				CLANG_WARN_DIRECT_OBJC_ISA_USAGE = YES_ERROR;
				CLANG_WARN_DOCUMENTATION_COMMENTS = YES;
				CLANG_WARN_EMPTY_BODY = YES;
				CLANG_WARN_ENUM_CONVERSION = YES;
				CLANG_WARN_INFINITE_RECURSION = YES;
				CLANG_WARN_INT_CONVERSION = YES;
				CLANG_WARN_NON_LITERAL_NULL_CONVERSION = YES;
				CLANG_WARN_OBJC_IMPLICIT_RETAIN_SELF = YES;
				CLANG_WARN_OBJC_LITERAL_CONVERSION = YES;
				CLANG_WARN_OBJC_ROOT_CLASS = YES_ERROR;
				CLANG_WARN_RANGE_LOOP_ANALYSIS = YES;
				CLANG_WARN_STRICT_PROTOTYPES = YES;
				CLANG_WARN_SUSPICIOUS_MOVE = YES;
				CLANG_WARN_UNGUARDED_AVAILABILITY = YES_AGGRESSIVE;
				CLANG_WARN_UNREACHABLE_CODE = YES;
				CLANG_WARN__DUPLICATE_METHOD_MATCH = YES;
				COPY_PHASE_STRIP = NO;
				DEBUG_INFORMATION_FORMAT = "dwarf-with-dsym";
				ENABLE_NS_ASSERTIONS = NO;
				ENABLE_STRICT_OBJC_MSGSEND = YES;
				GCC_C_LANGUAGE_STANDARD = gnu11;
				GCC_NO_COMMON_BLOCKS = YES;
				GCC_WARN_64_TO_32_BIT_CONVERSION = YES;
				GCC_WARN_ABOUT_RETURN_TYPE = YES_ERROR;
				GCC_WARN_UNDECLARED_SELECTOR = YES;
				GCC_WARN_UNINITIALIZED_AUTOS = YES_AGGRESSIVE;
				GCC_WARN_UNUSED_FUNCTION = YES;
				GCC_WARN_UNUSED_VARIABLE = YES;
				IPHONEOS_DEPLOYMENT_TARGET = 13.4;
				MTL_ENABLE_DEBUG_INFO = NO;
				MTL_FAST_MATH = YES;
				SDKROOT = iphoneos;
				SWIFT_COMPILATION_MODE = wholemodule;
				SWIFT_OPTIMIZATION_LEVEL = "-O";
				VALIDATE_PRODUCT = YES;
			};
			name = Release;
		};
		7AF7099E2461F76000C72847 /* Debug */ = {
			isa = XCBuildConfiguration;
			buildSettings = {
				ASSETCATALOG_COMPILER_APPICON_NAME = AppIcon;
				CODE_SIGN_STYLE = Automatic;
				DEVELOPMENT_ASSET_PATHS = "\"WeatherApp/Preview Content\"";
				DEVELOPMENT_TEAM = 65D3N4Z35P;
				ENABLE_PREVIEWS = YES;
				INFOPLIST_FILE = WeatherApp/Info.plist;
				LD_RUNPATH_SEARCH_PATHS = (
					"$(inherited)",
					"@executable_path/Frameworks",
				);
				PRODUCT_BUNDLE_IDENTIFIER = fr.notspread.WeatherApp;
				PRODUCT_NAME = "$(TARGET_NAME)";
				SWIFT_VERSION = 5.0;
				TARGETED_DEVICE_FAMILY = "1,2";
			};
			name = Debug;
		};
		7AF7099F2461F76000C72847 /* Release */ = {
			isa = XCBuildConfiguration;
			buildSettings = {
				ASSETCATALOG_COMPILER_APPICON_NAME = AppIcon;
				CODE_SIGN_STYLE = Automatic;
				DEVELOPMENT_ASSET_PATHS = "\"WeatherApp/Preview Content\"";
				DEVELOPMENT_TEAM = 65D3N4Z35P;
				ENABLE_PREVIEWS = YES;
				INFOPLIST_FILE = WeatherApp/Info.plist;
				LD_RUNPATH_SEARCH_PATHS = (
					"$(inherited)",
					"@executable_path/Frameworks",
				);
				PRODUCT_BUNDLE_IDENTIFIER = fr.notspread.WeatherApp;
				PRODUCT_NAME = "$(TARGET_NAME)";
				SWIFT_VERSION = 5.0;
				TARGETED_DEVICE_FAMILY = "1,2";
			};
			name = Release;
		};
/* End XCBuildConfiguration section */

/* Begin XCConfigurationList section */
		7AF709842461F75900C72847 /* Build configuration list for PBXProject "WeatherApp" */ = {
			isa = XCConfigurationList;
			buildConfigurations = (
				7AF7099B2461F76000C72847 /* Debug */,
				7AF7099C2461F76000C72847 /* Release */,
			);
			defaultConfigurationIsVisible = 0;
			defaultConfigurationName = Release;
		};
		7AF7099D2461F76000C72847 /* Build configuration list for PBXNativeTarget "WeatherApp" */ = {
			isa = XCConfigurationList;
			buildConfigurations = (
				7AF7099E2461F76000C72847 /* Debug */,
				7AF7099F2461F76000C72847 /* Release */,
			);
			defaultConfigurationIsVisible = 0;
			defaultConfigurationName = Release;
		};
/* End XCConfigurationList section */

/* Begin XCRemoteSwiftPackageReference section */
		7AC98A6B246CB1E500E46A38 /* XCRemoteSwiftPackageReference "Alamofire" */ = {
			isa = XCRemoteSwiftPackageReference;
			repositoryURL = "https://github.com/Alamofire/Alamofire.git";
			requirement = {
				kind = upToNextMajorVersion;
				minimumVersion = 5.1.0;
			};
		};
/* End XCRemoteSwiftPackageReference section */

/* Begin XCSwiftPackageProductDependency section */
		7AC98A6C246CB1E500E46A38 /* Alamofire */ = {
			isa = XCSwiftPackageProductDependency;
			package = 7AC98A6B246CB1E500E46A38 /* XCRemoteSwiftPackageReference "Alamofire" */;
			productName = Alamofire;
		};
/* End XCSwiftPackageProductDependency section */
	};
	rootObject = 7AF709812461F75900C72847 /* Project object */;
}
